
Microsoft Visual Studio Solution File, Format Version 12.00
# Visual Studio Version 17
VisualStudioVersion = 17.4.33027.239
MinimumVisualStudioVersion = 10.0.40219.1
Project("{FAE04EC0-301F-11D3-BF4B-00C04F79EFBC}") = "CDDA Bars", "CDDA Bars.csproj", "{11A9FDF2-152A-4C50-B46C-CB1C61A4BDCC}"
EndProject
Global
	GlobalSection(SolutionConfigurationPlatforms) = preSolution
		Debug|Any CPU = Debug|Any CPU
		Release|Any CPU = Release|Any CPU
	EndGlobalSection
	GlobalSection(ProjectConfigurationPlatforms) = postSolution
		{11A9FDF2-152A-4C50-B46C-CB1C61A4BDCC}.Debug|Any CPU.ActiveCfg = Debug|Any CPU
		{11A9FDF2-152A-4C50-B46C-CB1C61A4BDCC}.Debug|Any CPU.Build.0 = Debug|Any CPU
		{11A9FDF2-152A-4C50-B46C-CB1C61A4BDCC}.Release|Any CPU.ActiveCfg = Release|Any CPU
		{11A9FDF2-152A-4C50-B46C-CB1C61A4BDCC}.Release|Any CPU.Build.0 = Release|Any CPU
	EndGlobalSection
	GlobalSection(SolutionProperties) = preSolution
		HideSolutionNode = FALSE
	EndGlobalSection
	GlobalSection(ExtensibilityGlobals) = postSolution
		SolutionGuid = {30203A61-DF5B-48C4-B8A8-2EA08908B398}
	EndGlobalSection
EndGlobal
